
Microsoft Visual Studio Solution File, Format Version 12.00
# Visual Studio Version 16
VisualStudioVersion = 16.0.32929.386
MinimumVisualStudioVersion = 10.0.40219.1
Project("{FAE04EC0-301F-11D3-BF4B-00C04F79EFBC}") = "Lab05", "Lab05.csproj", "{AB8EC24F-CC37-4B00-BF24-BD012C932943}"
EndProject
Global
	GlobalSection(SolutionConfigurationPlatforms) = preSolution
		Debug|Any CPU = Debug|Any CPU
		Release|Any CPU = Release|Any CPU
	EndGlobalSection
	GlobalSection(ProjectConfigurationPlatforms) = postSolution
		{AB8EC24F-CC37-4B00-BF24-BD012C932943}.Debug|Any CPU.ActiveCfg = Debug|Any CPU
		{AB8EC24F-CC37-4B00-BF24-BD012C932943}.Debug|Any CPU.Build.0 = Debug|Any CPU
		{AB8EC24F-CC37-4B00-BF24-BD012C932943}.Release|Any CPU.ActiveCfg = Release|Any CPU
		{AB8EC24F-CC37-4B00-BF24-BD012C932943}.Release|Any CPU.Build.0 = Release|Any CPU
	EndGlobalSection
	GlobalSection(SolutionProperties) = preSolution
		HideSolutionNode = FALSE
	EndGlobalSection
	GlobalSection(ExtensibilityGlobals) = postSolution
		SolutionGuid = {FD0AABFA-B941-4B0D-9FEC-EA671A092CF4}
	EndGlobalSection
EndGlobal
